<?xml version="1.0" encoding="utf-8"?>
<Project ToolsVersion="4.0" xmlns="http://schemas.microsoft.com/developer/msbuild/2003">
  <ItemGroup>
    <Filter Include="Source Files">
      <UniqueIdentifier>{4FC737F1-C7A5-4376-A066-2A32D752A2FF}</UniqueIdentifier>
      <Extensions>cpp;c;cc;cxx;c++;cppm;ixx;def;odl;idl;hpj;bat;asm;asmx</Extensions>
    </Filter>
    <Filter Include="Header Files">
      <UniqueIdentifier>{93995380-89BD-4b04-88EB-625FBE52EBFB}</UniqueIdentifier>
      <Extensions>h;hh;hpp;hxx;h++;hm;inl;inc;ipp;xsd</Extensions>
    </Filter>
    <Filter Include="Resource Files">
      <UniqueIdentifier>{67DA6AB6-F800-4c08-8B7A-83BB121AAD01}</UniqueIdentifier>
      <Extensions>rc;ico;cur;bmp;dlg;rc2;rct;bin;rgs;gif;jpg;jpeg;jpe;resx;tiff;tif;png;wav;mfcribbon-ms</Extensions>
    </Filter>
  </ItemGroup>
  <ItemGroup>
    <ClCompile Include="src\Application.cpp">
      <Filter>Source Files</Filter>
    </ClCompile>
    <ClCompile Include="ClassesOpengl\VAO.cpp">
      <Filter>Source Files</Filter>
    </ClCompile>
    <ClCompile Include="ClassesOpengl\VBO.cpp">
      <Filter>Source Files</Filter>
    </ClCompile>
    <ClCompile Include="ClassesOpengl\EBO.cpp">
      <Filter>Source Files</Filter>
    </ClCompile>
    <ClCompile Include="Shaders\ShaderClass.cpp">
      <Filter>Source Files</Filter>
    </ClCompile>
    <ClCompile Include="Includes\imgui\imgui.cpp">
      <Filter>Source Files</Filter>
    </ClCompile>
    <ClCompile Include="Includes\imgui\imgui_demo.cpp">
      <Filter>Source Files</Filter>
    </ClCompile>
    <ClCompile Include="Includes\imgui\imgui_draw.cpp">
      <Filter>Source Files</Filter>
    </ClCompile>
    <ClCompile Include="Includes\imgui\imgui_impl_glfw.cpp">
      <Filter>Source Files</Filter>
    </ClCompile>
    <ClCompile Include="Includes\imgui\imgui_impl_opengl3.cpp">
      <Filter>Source Files</Filter>
    </ClCompile>
    <ClCompile Include="Includes\imgui\imgui_tables.cpp">
      <Filter>Source Files</Filter>
    </ClCompile>
    <ClCompile Include="Includes\imgui\imgui_widgets.cpp">
      <Filter>Source Files</Filter>
    </ClCompile>
    <ClCompile Include="Camera\CameraHandler.cpp">
      <Filter>Source Files</Filter>
    </ClCompile>
    <ClCompile Include="Mesh\Mesh.cpp">
      <Filter>Source Files</Filter>
    </ClCompile>
    <ClCompile Include="Includes\Noise\PerlinNoise.cpp">
      <Filter>Source Files</Filter>
    </ClCompile>
    <ClCompile Include="Model\Model.cpp">
      <Filter>Source Files</Filter>
    </ClCompile>
    <ClCompile Include="ClassesOpengl\GBufferClass.cpp">
      <Filter>Source Files</Filter>
    </ClCompile>
    <ClCompile Include="Functions\Utility.cpp">
      <Filter>Source Files</Filter>
    </ClCompile>
    <ClCompile Include="ClassesOpengl\Framebuffer.cpp">
      <Filter>Source Files</Filter>
    </ClCompile>
    <ClCompile Include="ClassesOpengl\Renderer\Renderer.cpp">
      <Filter>Source Files</Filter>
    </ClCompile>
    <ClCompile Include="ClassesOpengl\ImguiSettings\ImguiRender.cpp">
      <Filter>Source Files</Filter>
    </ClCompile>
    <ClCompile Include="ClassesOpengl\Mateial\Material.cpp">
      <Filter>Source Files</Filter>
    </ClCompile>
    <ClCompile Include="ClassesOpengl\ModelHandler\ModelHandler.cpp">
      <Filter>Source Files</Filter>
    </ClCompile>
  </ItemGroup>
  <ItemGroup>
    <ClInclude Include="ClassesOpengl\VAO.h">
      <Filter>Header Files</Filter>
    </ClInclude>
    <ClInclude Include="ClassesOpengl\VBO.h">
      <Filter>Header Files</Filter>
    </ClInclude>
    <ClInclude Include="ClassesOpengl\EBO.h">
      <Filter>Header Files</Filter>
    </ClInclude>
    <ClInclude Include="Shaders\ShaderClass.h">
      <Filter>Header Files</Filter>
    </ClInclude>
    <ClInclude Include="Includes\imgui\imconfig.h">
      <Filter>Header Files</Filter>
    </ClInclude>
    <ClInclude Include="Includes\imgui\imgui.h">
      <Filter>Header Files</Filter>
    </ClInclude>
    <ClInclude Include="Includes\imgui\imgui_impl_glfw.h">
      <Filter>Header Files</Filter>
    </ClInclude>
    <ClInclude Include="Includes\imgui\imgui_impl_opengl3.h">
      <Filter>Header Files</Filter>
    </ClInclude>
    <ClInclude Include="Includes\imgui\imgui_internal.h">
      <Filter>Header Files</Filter>
    </ClInclude>
    <ClInclude Include="Includes\imgui\imstb_rectpack.h">
      <Filter>Header Files</Filter>
    </ClInclude>
    <ClInclude Include="Includes\imgui\imstb_textedit.h">
      <Filter>Header Files</Filter>
    </ClInclude>
    <ClInclude Include="Includes\imgui\imstb_truetype.h">
      <Filter>Header Files</Filter>
    </ClInclude>
    <ClInclude Include="Includes\imgui\imgui_impl_opengl3_loader.h">
      <Filter>Header Files</Filter>
    </ClInclude>
    <ClInclude Include="Camera\CameraHandler.h">
      <Filter>Header Files</Filter>
    </ClInclude>
    <ClInclude Include="Mesh\Mesh.h">
      <Filter>Header Files</Filter>
    </ClInclude>
    <ClInclude Include="Includes\Noise\PerlinNoise.h">
      <Filter>Header Files</Filter>
    </ClInclude>
    <ClInclude Include="Includes\OBJLoader\OBJ_Loader.h">
      <Filter>Header Files</Filter>
    </ClInclude>
    <ClInclude Include="Model\Model.h">
      <Filter>Header Files</Filter>
    </ClInclude>
    <ClInclude Include="ClassesOpengl\GBufferClass.h">
      <Filter>Header Files</Filter>
    </ClInclude>
    <ClInclude Include="Functions\Utility.h">
      <Filter>Header Files</Filter>
    </ClInclude>
    <ClInclude Include="Includes\headers\headers.h">
      <Filter>Header Files</Filter>
    </ClInclude>
    <ClInclude Include="ClassesOpengl\Framebuffer.h">
      <Filter>Header Files</Filter>
    </ClInclude>
    <ClInclude Include="ClassesOpengl\Renderer\Renderer.h">
      <Filter>Header Files</Filter>
    </ClInclude>
    <ClInclude Include="ClassesOpengl\ImguiSettings\ImguiRender.h">
      <Filter>Header Files</Filter>
    </ClInclude>
    <ClInclude Include="ClassesOpengl\ImguiSettings\MyImguiSettings.h">
      <Filter>Header Files</Filter>
    </ClInclude>
    <ClInclude Include="ClassesOpengl\Mateial\Material.h">
      <Filter>Header Files</Filter>
    </ClInclude>
    <ClInclude Include="ClassesOpengl\ModelHandler\ModelHandler.h">
      <Filter>Header Files</Filter>
    </ClInclude>
  </ItemGroup>
  <ItemGroup>
    <None Include="Includes\Imgui\.editorconfig" />
    <None Include="Includes\Imgui\.gitattributes" />
    <None Include="Includes\Imgui\.gitignore" />
    <None Include="Shaders\Base.vert" />
    <None Include="Shaders\Base.frag" />
    <None Include="Includes\imgui-docking\.editorconfig" />
    <None Include="Includes\imgui-docking\.gitattributes" />
    <None Include="Includes\imgui-docking\.gitignore" />
    <None Include="Shaders\Light.frag" />
    <None Include="Shaders\Cubemap.vert" />
    <None Include="Shaders\Cubemap.frag" />
    <None Include="Shaders\ModelLoader.frag" />
    <None Include="Shaders\ModelLoader.vert" />
    <None Include="Shaders\Framebuffer.frag" />
    <None Include="Shaders\Framebuffer.vert" />
    <None Include="Shaders\Blur.vert" />
    <None Include="Shaders\Blur.frag" />
    <None Include="Shaders\FinalBloom.vert" />
    <None Include="Shaders\FinalBloom.frag" />
    <None Include="Shaders\GBuffer.vert" />
    <None Include="Shaders\GBuffer.frag" />
    <None Include="Shaders\LightPass.vert" />
    <None Include="Shaders\LightPass.frag" />
    <None Include="Shaders\ShadowMap.frag" />
    <None Include="Shaders\ShadowMap.vert" />
  </ItemGroup>
  <ItemGroup>
    <Text Include="Includes\imgui-docking\LICENSE.txt" />
    <Text Include="Shaders\Light.vert" />
  </ItemGroup>
</Project>